{
    "_meta": {
        "hash": {
            "sha256": "3ee16ed009979be2dcb4ea249593eb2f567825b256f02b320430b65aa4c14e35"
        },
        "pipfile-spec": 6,
        "requires": {
            "python_version": "3.8"
        },
        "sources": [
            {
                "name": "pypi",
                "url": "https://pypi.org/simple",
                "verify_ssl": true
            }
        ]
    },
    "default": {
        "tqdm": {
            "hashes": [
                "sha256:b75ca56b413b030bc3f00af51fd2c1a1a5eac6a0c1cca83cbb37a5c52abce644",
                "sha256:e4d936c9de8727928f3be6079590e97d9abfe8d39a590be678eb5919ffc186bb"
            ],
            "index": "pypi",
            "version": "==4.66.4"
        }
    },
    "develop": {}
}
